
Microsoft Visual Studio Solution File, Format Version 12.00
# Visual Studio Version 16
VisualStudioVersion = 16.0.31410.357
MinimumVisualStudioVersion = 10.0.40219.1
Project("{FAE04EC0-301F-11D3-BF4B-00C04F79EFBC}") = "Testtask2", "Testtask2\Testtask2.csproj", "{7C84DE2E-7C1C-4ECF-95D8-8BA0B2E0A24F}"
EndProject
Global
	GlobalSection(SolutionConfigurationPlatforms) = preSolution
		Debug|Any CPU = Debug|Any CPU
		Release|Any CPU = Release|Any CPU
	EndGlobalSection
	GlobalSection(ProjectConfigurationPlatforms) = postSolution
		{7C84DE2E-7C1C-4ECF-95D8-8BA0B2E0A24F}.Debug|Any CPU.ActiveCfg = Debug|Any CPU
		{7C84DE2E-7C1C-4ECF-95D8-8BA0B2E0A24F}.Debug|Any CPU.Build.0 = Debug|Any CPU
		{7C84DE2E-7C1C-4ECF-95D8-8BA0B2E0A24F}.Release|Any CPU.ActiveCfg = Release|Any CPU
		{7C84DE2E-7C1C-4ECF-95D8-8BA0B2E0A24F}.Release|Any CPU.Build.0 = Release|Any CPU
	EndGlobalSection
	GlobalSection(SolutionProperties) = preSolution
		HideSolutionNode = FALSE
	EndGlobalSection
	GlobalSection(ExtensibilityGlobals) = postSolution
		SolutionGuid = {E54B8AC6-D9DD-48E0-A2E4-EA07F053B015}
	EndGlobalSection
EndGlobal
